
Microsoft Visual Studio Solution File, Format Version 12.00
# Visual Studio Version 16
VisualStudioVersion = 16.0.31402.337
MinimumVisualStudioVersion = 10.0.40219.1
Project("{8BC9CEB8-8B4A-11D0-8D11-00A0C91BC942}") = "Coding_Test", "Coding_Test\Coding_Test.vcxproj", "{69393375-5903-4B0E-882E-9330E453B58A}"
EndProject
Global
	GlobalSection(SolutionConfigurationPlatforms) = preSolution
		Debug|x64 = Debug|x64
		Debug|x86 = Debug|x86
		Release|x64 = Release|x64
		Release|x86 = Release|x86
	EndGlobalSection
	GlobalSection(ProjectConfigurationPlatforms) = postSolution
		{69393375-5903-4B0E-882E-9330E453B58A}.Debug|x64.ActiveCfg = Debug|x64
		{69393375-5903-4B0E-882E-9330E453B58A}.Debug|x64.Build.0 = Debug|x64
		{69393375-5903-4B0E-882E-9330E453B58A}.Debug|x86.ActiveCfg = Debug|Win32
		{69393375-5903-4B0E-882E-9330E453B58A}.Debug|x86.Build.0 = Debug|Win32
		{69393375-5903-4B0E-882E-9330E453B58A}.Release|x64.ActiveCfg = Release|x64
		{69393375-5903-4B0E-882E-9330E453B58A}.Release|x64.Build.0 = Release|x64
		{69393375-5903-4B0E-882E-9330E453B58A}.Release|x86.ActiveCfg = Release|Win32
		{69393375-5903-4B0E-882E-9330E453B58A}.Release|x86.Build.0 = Release|Win32
	EndGlobalSection
	GlobalSection(SolutionProperties) = preSolution
		HideSolutionNode = FALSE
	EndGlobalSection
	GlobalSection(ExtensibilityGlobals) = postSolution
		SolutionGuid = {E70FEF46-E5A3-4901-BA22-3AF70BBC852B}
	EndGlobalSection
EndGlobal
